
Microsoft Visual Studio Solution File, Format Version 12.00
# Visual Studio Version 16
VisualStudioVersion = 16.0.30114.105
MinimumVisualStudioVersion = 10.0.40219.1
Project("{2150E333-8FDC-42A3-9474-1A3956D46DE8}") = "src", "src", "{385B8C5D-95E4-4D7E-8284-06F4186A55A1}"
EndProject
Project("{FAE04EC0-301F-11D3-BF4B-00C04F79EFBC}") = "Core", "src\core\Core.csproj", "{5242124E-75EB-4D68-8CB0-085CA0C93B7F}"
EndProject
Project("{FAE04EC0-301F-11D3-BF4B-00C04F79EFBC}") = "Api", "src\api\Api.csproj", "{05743439-69B0-40C9-A8AD-CDA700918C15}"
EndProject
Project("{FAE04EC0-301F-11D3-BF4B-00C04F79EFBC}") = "Services", "src\services\Services.csproj", "{A8357A96-062D-4EFB-B756-67A88FCE2927}"
EndProject
Project("{FAE04EC0-301F-11D3-BF4B-00C04F79EFBC}") = "DataAccess", "src\data-access\DataAccess.csproj", "{6CF09B2B-B875-47A9-AA6D-828AC75903E0}"
EndProject
Global
	GlobalSection(SolutionConfigurationPlatforms) = preSolution
		Debug|Any CPU = Debug|Any CPU
		Release|Any CPU = Release|Any CPU
	EndGlobalSection
	GlobalSection(SolutionProperties) = preSolution
		HideSolutionNode = FALSE
	EndGlobalSection
	GlobalSection(ProjectConfigurationPlatforms) = postSolution
		{5242124E-75EB-4D68-8CB0-085CA0C93B7F}.Debug|Any CPU.ActiveCfg = Debug|Any CPU
		{5242124E-75EB-4D68-8CB0-085CA0C93B7F}.Debug|Any CPU.Build.0 = Debug|Any CPU
		{5242124E-75EB-4D68-8CB0-085CA0C93B7F}.Release|Any CPU.ActiveCfg = Release|Any CPU
		{5242124E-75EB-4D68-8CB0-085CA0C93B7F}.Release|Any CPU.Build.0 = Release|Any CPU
		{05743439-69B0-40C9-A8AD-CDA700918C15}.Debug|Any CPU.ActiveCfg = Debug|Any CPU
		{05743439-69B0-40C9-A8AD-CDA700918C15}.Debug|Any CPU.Build.0 = Debug|Any CPU
		{05743439-69B0-40C9-A8AD-CDA700918C15}.Release|Any CPU.ActiveCfg = Release|Any CPU
		{05743439-69B0-40C9-A8AD-CDA700918C15}.Release|Any CPU.Build.0 = Release|Any CPU
		{A8357A96-062D-4EFB-B756-67A88FCE2927}.Debug|Any CPU.ActiveCfg = Debug|Any CPU
		{A8357A96-062D-4EFB-B756-67A88FCE2927}.Debug|Any CPU.Build.0 = Debug|Any CPU
		{A8357A96-062D-4EFB-B756-67A88FCE2927}.Release|Any CPU.ActiveCfg = Release|Any CPU
		{A8357A96-062D-4EFB-B756-67A88FCE2927}.Release|Any CPU.Build.0 = Release|Any CPU
		{6CF09B2B-B875-47A9-AA6D-828AC75903E0}.Debug|Any CPU.ActiveCfg = Debug|Any CPU
		{6CF09B2B-B875-47A9-AA6D-828AC75903E0}.Debug|Any CPU.Build.0 = Debug|Any CPU
		{6CF09B2B-B875-47A9-AA6D-828AC75903E0}.Release|Any CPU.ActiveCfg = Release|Any CPU
		{6CF09B2B-B875-47A9-AA6D-828AC75903E0}.Release|Any CPU.Build.0 = Release|Any CPU
	EndGlobalSection
	GlobalSection(NestedProjects) = preSolution
		{5242124E-75EB-4D68-8CB0-085CA0C93B7F} = {385B8C5D-95E4-4D7E-8284-06F4186A55A1}
		{05743439-69B0-40C9-A8AD-CDA700918C15} = {385B8C5D-95E4-4D7E-8284-06F4186A55A1}
		{A8357A96-062D-4EFB-B756-67A88FCE2927} = {385B8C5D-95E4-4D7E-8284-06F4186A55A1}
		{6CF09B2B-B875-47A9-AA6D-828AC75903E0} = {385B8C5D-95E4-4D7E-8284-06F4186A55A1}
	EndGlobalSection
EndGlobal
