
Microsoft Visual Studio Solution File, Format Version 12.00
# Visual Studio Version 17
VisualStudioVersion = 17.0.31903.59
MinimumVisualStudioVersion = 10.0.40219.1
Project("{FAE04EC0-301F-11D3-BF4B-00C04F79EFBC}") = "Core", "Core\Core.csproj", "{63255398-A127-47AB-9760-7EF7A24E3E4A}"
EndProject
Project("{FAE04EC0-301F-11D3-BF4B-00C04F79EFBC}") = "Infrastructure", "Infrastructure\Infrastructure.csproj", "{E805EF8F-4763-4184-981C-D890371D7A0E}"
EndProject
Project("{FAE04EC0-301F-11D3-BF4B-00C04F79EFBC}") = "WebApi", "WebApi\WebApi.csproj", "{ADF663F3-7242-4615-BA59-AB4B10CD5A0A}"
EndProject
Global
	GlobalSection(SolutionConfigurationPlatforms) = preSolution
		Debug|Any CPU = Debug|Any CPU
		Release|Any CPU = Release|Any CPU
	EndGlobalSection
	GlobalSection(SolutionProperties) = preSolution
		HideSolutionNode = FALSE
	EndGlobalSection
	GlobalSection(ProjectConfigurationPlatforms) = postSolution
		{63255398-A127-47AB-9760-7EF7A24E3E4A}.Debug|Any CPU.ActiveCfg = Debug|Any CPU
		{63255398-A127-47AB-9760-7EF7A24E3E4A}.Debug|Any CPU.Build.0 = Debug|Any CPU
		{63255398-A127-47AB-9760-7EF7A24E3E4A}.Release|Any CPU.ActiveCfg = Release|Any CPU
		{63255398-A127-47AB-9760-7EF7A24E3E4A}.Release|Any CPU.Build.0 = Release|Any CPU
		{E805EF8F-4763-4184-981C-D890371D7A0E}.Debug|Any CPU.ActiveCfg = Debug|Any CPU
		{E805EF8F-4763-4184-981C-D890371D7A0E}.Debug|Any CPU.Build.0 = Debug|Any CPU
		{E805EF8F-4763-4184-981C-D890371D7A0E}.Release|Any CPU.ActiveCfg = Release|Any CPU
		{E805EF8F-4763-4184-981C-D890371D7A0E}.Release|Any CPU.Build.0 = Release|Any CPU
		{ADF663F3-7242-4615-BA59-AB4B10CD5A0A}.Debug|Any CPU.ActiveCfg = Debug|Any CPU
		{ADF663F3-7242-4615-BA59-AB4B10CD5A0A}.Debug|Any CPU.Build.0 = Debug|Any CPU
		{ADF663F3-7242-4615-BA59-AB4B10CD5A0A}.Release|Any CPU.ActiveCfg = Release|Any CPU
		{ADF663F3-7242-4615-BA59-AB4B10CD5A0A}.Release|Any CPU.Build.0 = Release|Any CPU
	EndGlobalSection
EndGlobal
